{
  "name": "peerdependencies",
  "version": "1.0.0",
  "lockfileVersion": 2,
  "requires": true,
  "packages": {
    "": {
      "name": "peerdependencies",
      "version": "1.0.0",
      "license": "ISC",
      "peerDependencies": {
        "bootstrap": "5.0.2",
        "lodash": "^4.17.21",
        "secondLibrary": "https://github.com/tyobaskara/peerDependencies#be4b8a11800b5844bc08da0e18e76b8c1cf5f966"
      }
    },
    "node_modules/@popperjs/core": {
      "version": "2.9.2",
      "resolved": "https://nxrm.jenius.tech/repository/npm-group/@popperjs/core/-/core-2.9.2.tgz",
      "integrity": "sha512-VZMYa7+fXHdwIq1TDhSXoVmSPEGM/aa+6Aiq3nVVJ9bXr24zScr+NlKFKC3iPljA7ho/GAZr+d2jOf5GIRC30Q==",
      "license": "MIT",
      "peer": true,
      "funding": {
        "type": "opencollective",
        "url": "https://opencollective.com/popperjs"
      }
    },
    "node_modules/bootstrap": {
      "version": "5.0.2",
      "resolved": "https://nxrm.jenius.tech/repository/npm-group/bootstrap/-/bootstrap-5.0.2.tgz",
      "integrity": "sha512-1Ge963tyEQWJJ+8qtXFU6wgmAVj9gweEjibUdbmcCEYsn38tVwRk8107rk2vzt6cfQcRr3SlZ8aQBqaD8aqf+Q==",
      "license": "MIT",
      "peer": true,
      "funding": {
        "type": "opencollective",
        "url": "https://opencollective.com/bootstrap"
      },
      "peerDependencies": {
        "@popperjs/core": "^2.9.2"
      }
    },
    "node_modules/lodash": {
      "version": "4.17.21",
      "resolved": "https://nxrm.jenius.tech/repository/npm-group/lodash/-/lodash-4.17.21.tgz",
      "integrity": "sha512-v2kDEe57lecTulaDIuNTPy3Ry4gLGJ6Z1O3vE1krgXZNrsQ+LFTGHVxVjcXPs17LhbZVGedAJv8XZ1tvj5FvSg==",
      "license": "MIT",
      "peer": true
    },
    "node_modules/secondLibrary": {
      "name": "peerdependencies",
      "version": "1.0.0",
      "resolved": "git+ssh://git@github.com/tyobaskara/peerDependencies.git#be4b8a11800b5844bc08da0e18e76b8c1cf5f966",
      "integrity": "sha512-AkoktMfZ/ZO7gMjWNqzGQ0Fuwx28bINHMOjh/mXAzWIfVuqrP9GMLL2N/C9Br4yGBKvZcG3Il/vTkYV0IeNvbQ==",
      "license": "ISC",
      "peer": true,
      "peerDependencies": {
        "bootstrap": "5.0.x",
        "lodash": "^4.17.21"
      }
    }
  },
  "dependencies": {
    "@popperjs/core": {
      "version": "2.9.2",
      "resolved": "https://nxrm.jenius.tech/repository/npm-group/@popperjs/core/-/core-2.9.2.tgz",
      "integrity": "sha512-VZMYa7+fXHdwIq1TDhSXoVmSPEGM/aa+6Aiq3nVVJ9bXr24zScr+NlKFKC3iPljA7ho/GAZr+d2jOf5GIRC30Q==",
      "peer": true
    },
    "bootstrap": {
      "version": "5.0.2",
      "resolved": "https://nxrm.jenius.tech/repository/npm-group/bootstrap/-/bootstrap-5.0.2.tgz",
      "integrity": "sha512-1Ge963tyEQWJJ+8qtXFU6wgmAVj9gweEjibUdbmcCEYsn38tVwRk8107rk2vzt6cfQcRr3SlZ8aQBqaD8aqf+Q==",
      "peer": true,
      "requires": {}
    },
    "lodash": {
      "version": "4.17.21",
      "resolved": "https://nxrm.jenius.tech/repository/npm-group/lodash/-/lodash-4.17.21.tgz",
      "integrity": "sha512-v2kDEe57lecTulaDIuNTPy3Ry4gLGJ6Z1O3vE1krgXZNrsQ+LFTGHVxVjcXPs17LhbZVGedAJv8XZ1tvj5FvSg==",
      "peer": true
    },
    "secondLibrary": {
      "version": "git+ssh://git@github.com/tyobaskara/peerDependencies.git#be4b8a11800b5844bc08da0e18e76b8c1cf5f966",
      "integrity": "sha512-AkoktMfZ/ZO7gMjWNqzGQ0Fuwx28bINHMOjh/mXAzWIfVuqrP9GMLL2N/C9Br4yGBKvZcG3Il/vTkYV0IeNvbQ==",
      "from": "secondLibrary@https://github.com/tyobaskara/peerDependencies#be4b8a11800b5844bc08da0e18e76b8c1cf5f966",
      "peer": true,
      "requires": {}
    }
  }
}
