{
  "name": "peerdependencies",
  "version": "1.0.0",
  "lockfileVersion": 2,
  "requires": true,
  "packages": {
    "": {
      "name": "peerdependencies",
      "version": "1.0.0",
      "license": "ISC",
      "peerDependencies": {
        "bootstrap": "^5.0.2",
        "lodash": "^4.17.21",
        "secondLibrary": "git@github.com:tyobaskara/peerDependencies.git#a5c77e9faddfd18feb8ba658ed55c63de57ba133"
      }
    },
    "node_modules/@popperjs/core": {
      "version": "2.9.2",
      "resolved": "https://nxrm.jenius.tech/repository/npm-group/@popperjs/core/-/core-2.9.2.tgz",
      "integrity": "sha512-VZMYa7+fXHdwIq1TDhSXoVmSPEGM/aa+6Aiq3nVVJ9bXr24zScr+NlKFKC3iPljA7ho/GAZr+d2jOf5GIRC30Q==",
      "license": "MIT",
      "peer": true,
      "funding": {
        "type": "opencollective",
        "url": "https://opencollective.com/popperjs"
      }
    },
    "node_modules/bootstrap": {
      "version": "5.0.2",
      "resolved": "https://nxrm.jenius.tech/repository/npm-group/bootstrap/-/bootstrap-5.0.2.tgz",
      "integrity": "sha512-1Ge963tyEQWJJ+8qtXFU6wgmAVj9gweEjibUdbmcCEYsn38tVwRk8107rk2vzt6cfQcRr3SlZ8aQBqaD8aqf+Q==",
      "license": "MIT",
      "peer": true,
      "funding": {
        "type": "opencollective",
        "url": "https://opencollective.com/bootstrap"
      },
      "peerDependencies": {
        "@popperjs/core": "^2.9.2"
      }
    },
    "node_modules/lodash": {
      "version": "4.17.21",
      "resolved": "https://nxrm.jenius.tech/repository/npm-group/lodash/-/lodash-4.17.21.tgz",
      "integrity": "sha512-v2kDEe57lecTulaDIuNTPy3Ry4gLGJ6Z1O3vE1krgXZNrsQ+LFTGHVxVjcXPs17LhbZVGedAJv8XZ1tvj5FvSg==",
      "license": "MIT",
      "peer": true
    },
    "node_modules/secondLibrary": {
      "name": "peerdependencies",
      "version": "1.0.0",
      "resolved": "git+ssh://git@github.com/tyobaskara/peerDependencies.git#a5c77e9faddfd18feb8ba658ed55c63de57ba133",
      "integrity": "sha512-3fUokZaE+lv0XpjFOEIPctY1tPvgWrxcUpGedzSMOGISooNFcX6HGkA6xh7XCS91Ce8cyyFnE9hW6Y/1i0J3qw==",
      "license": "ISC",
      "peer": true,
      "peerDependencies": {
        "bootstrap": "^5.0.2",
        "lodash": "^4.17.21"
      }
    }
  },
  "dependencies": {
    "@popperjs/core": {
      "version": "2.9.2",
      "resolved": "https://nxrm.jenius.tech/repository/npm-group/@popperjs/core/-/core-2.9.2.tgz",
      "integrity": "sha512-VZMYa7+fXHdwIq1TDhSXoVmSPEGM/aa+6Aiq3nVVJ9bXr24zScr+NlKFKC3iPljA7ho/GAZr+d2jOf5GIRC30Q==",
      "peer": true
    },
    "bootstrap": {
      "version": "5.0.2",
      "resolved": "https://nxrm.jenius.tech/repository/npm-group/bootstrap/-/bootstrap-5.0.2.tgz",
      "integrity": "sha512-1Ge963tyEQWJJ+8qtXFU6wgmAVj9gweEjibUdbmcCEYsn38tVwRk8107rk2vzt6cfQcRr3SlZ8aQBqaD8aqf+Q==",
      "peer": true,
      "requires": {}
    },
    "lodash": {
      "version": "4.17.21",
      "resolved": "https://nxrm.jenius.tech/repository/npm-group/lodash/-/lodash-4.17.21.tgz",
      "integrity": "sha512-v2kDEe57lecTulaDIuNTPy3Ry4gLGJ6Z1O3vE1krgXZNrsQ+LFTGHVxVjcXPs17LhbZVGedAJv8XZ1tvj5FvSg==",
      "peer": true
    },
    "secondLibrary": {
      "version": "git+ssh://git@github.com/tyobaskara/peerDependencies.git#a5c77e9faddfd18feb8ba658ed55c63de57ba133",
      "integrity": "sha512-3fUokZaE+lv0XpjFOEIPctY1tPvgWrxcUpGedzSMOGISooNFcX6HGkA6xh7XCS91Ce8cyyFnE9hW6Y/1i0J3qw==",
      "from": "secondLibrary@git@github.com:tyobaskara/peerDependencies.git#a5c77e9faddfd18feb8ba658ed55c63de57ba133",
      "peer": true,
      "requires": {}
    }
  }
}
